
Microsoft Visual Studio Solution File, Format Version 12.00
# Visual Studio 15
VisualStudioVersion = 15.0.27130.2026
MinimumVisualStudioVersion = 10.0.40219.1
Project("{FAE04EC0-301F-11D3-BF4B-00C04F79EFBC}") = "readWrite", "readWrite\readWrite.csproj", "{C929B21D-C295-4F48-A47D-D6657BFB3680}"
EndProject
Global
	GlobalSection(SolutionConfigurationPlatforms) = preSolution
		Debug|Any CPU = Debug|Any CPU
		Release|Any CPU = Release|Any CPU
	EndGlobalSection
	GlobalSection(ProjectConfigurationPlatforms) = postSolution
		{C929B21D-C295-4F48-A47D-D6657BFB3680}.Debug|Any CPU.ActiveCfg = Debug|Any CPU
		{C929B21D-C295-4F48-A47D-D6657BFB3680}.Debug|Any CPU.Build.0 = Debug|Any CPU
		{C929B21D-C295-4F48-A47D-D6657BFB3680}.Release|Any CPU.ActiveCfg = Release|Any CPU
		{C929B21D-C295-4F48-A47D-D6657BFB3680}.Release|Any CPU.Build.0 = Release|Any CPU
	EndGlobalSection
	GlobalSection(SolutionProperties) = preSolution
		HideSolutionNode = FALSE
	EndGlobalSection
	GlobalSection(ExtensibilityGlobals) = postSolution
		SolutionGuid = {487B0C9B-14E3-486A-A1A0-10C385013148}
	EndGlobalSection
EndGlobal
