
Microsoft Visual Studio Solution File, Format Version 12.00
# Visual Studio 15
VisualStudioVersion = 15.0.27130.2010
MinimumVisualStudioVersion = 10.0.40219.1
Project("{FAE04EC0-301F-11D3-BF4B-00C04F79EFBC}") = "DemoTypeConversion", "DemoTypeConversion\DemoTypeConversion.csproj", "{135E2A12-93B8-473B-9632-1FC7E4376B71}"
EndProject
Global
	GlobalSection(SolutionConfigurationPlatforms) = preSolution
		Debug|Any CPU = Debug|Any CPU
		Release|Any CPU = Release|Any CPU
	EndGlobalSection
	GlobalSection(ProjectConfigurationPlatforms) = postSolution
		{135E2A12-93B8-473B-9632-1FC7E4376B71}.Debug|Any CPU.ActiveCfg = Debug|Any CPU
		{135E2A12-93B8-473B-9632-1FC7E4376B71}.Debug|Any CPU.Build.0 = Debug|Any CPU
		{135E2A12-93B8-473B-9632-1FC7E4376B71}.Release|Any CPU.ActiveCfg = Release|Any CPU
		{135E2A12-93B8-473B-9632-1FC7E4376B71}.Release|Any CPU.Build.0 = Release|Any CPU
	EndGlobalSection
	GlobalSection(SolutionProperties) = preSolution
		HideSolutionNode = FALSE
	EndGlobalSection
	GlobalSection(ExtensibilityGlobals) = postSolution
		SolutionGuid = {05E6F1E4-3CCD-415E-A524-02DEB4C634A0}
	EndGlobalSection
EndGlobal
